// !$*UTF8*$!
{
	archiveVersion = 1;
	classes = {
	};
	objectVersion = 56;
	objects = {

/* Begin PBXBuildFile section */
		1E0EE6542B1E213E0051C19C /* ProductViewController.swift in Sources */ = {isa = PBXBuildFile; fileRef = 1E0EE6532B1E213E0051C19C /* ProductViewController.swift */; };
		1E0EE6562B1E25F10051C19C /* UIVIew - Extension.swift in Sources */ = {isa = PBXBuildFile; fileRef = 1E0EE6552B1E25F10051C19C /* UIVIew - Extension.swift */; };
		1E0EE65A2B1E2E5B0051C19C /* UIStackView - Extension.swift in Sources */ = {isa = PBXBuildFile; fileRef = 1E0EE6592B1E2E5B0051C19C /* UIStackView - Extension.swift */; };
		1E0EE65C2B1E2E800051C19C /* UIButton - Extension.swift in Sources */ = {isa = PBXBuildFile; fileRef = 1E0EE65B2B1E2E800051C19C /* UIButton - Extension.swift */; };
		1E0EE65E2B1E3A620051C19C /* UILabel - Extension.swift in Sources */ = {isa = PBXBuildFile; fileRef = 1E0EE65D2B1E3A620051C19C /* UILabel - Extension.swift */; };
		1E2E384D2B221956003A2072 /* CustomAtributedLabel.swift in Sources */ = {isa = PBXBuildFile; fileRef = 1E2E384C2B221956003A2072 /* CustomAtributedLabel.swift */; };
		1E2E384F2B221B4A003A2072 /* LikesViewController.swift in Sources */ = {isa = PBXBuildFile; fileRef = 1E2E384E2B221B4A003A2072 /* LikesViewController.swift */; };
		1E2E38542B222125003A2072 /* LikesCollectionViewCell.swift in Sources */ = {isa = PBXBuildFile; fileRef = 1E2E38532B222125003A2072 /* LikesCollectionViewCell.swift */; };
		1E2E38562B2224DD003A2072 /* LikesCollectionView.swift in Sources */ = {isa = PBXBuildFile; fileRef = 1E2E38552B2224DD003A2072 /* LikesCollectionView.swift */; };
		1E2E38582B223A77003A2072 /* ButtonStyle.swift in Sources */ = {isa = PBXBuildFile; fileRef = 1E2E38572B223A77003A2072 /* ButtonStyle.swift */; };
		1E3815232B23642D007EA57E /* ListViewController.swift in Sources */ = {isa = PBXBuildFile; fileRef = 1E3815222B23642D007EA57E /* ListViewController.swift */; };
		1E3815252B2364DF007EA57E /* CustomListView.swift in Sources */ = {isa = PBXBuildFile; fileRef = 1E3815242B2364DF007EA57E /* CustomListView.swift */; };
		1E6D51452B275CC2009718C4 /* Realm in Frameworks */ = {isa = PBXBuildFile; productRef = 1E6D51442B275CC2009718C4 /* Realm */; };
		1E6D51472B275CC2009718C4 /* RealmSwift in Frameworks */ = {isa = PBXBuildFile; productRef = 1E6D51462B275CC2009718C4 /* RealmSwift */; };
		1E6D514A2B275F20009718C4 /* LikeBook.swift in Sources */ = {isa = PBXBuildFile; fileRef = 1E6D51492B275F20009718C4 /* LikeBook.swift */; };
		1E6D514C2B2760F4009718C4 /* StorageManager.swift in Sources */ = {isa = PBXBuildFile; fileRef = 1E6D514B2B2760F4009718C4 /* StorageManager.swift */; };
		404090772B2281810028F9DC /* HomeCategoryCollectionViewCell.swift in Sources */ = {isa = PBXBuildFile; fileRef = 404090762B2281810028F9DC /* HomeCategoryCollectionViewCell.swift */; };
		404090792B22819C0028F9DC /* HomeCollectionViewCell.swift in Sources */ = {isa = PBXBuildFile; fileRef = 404090782B22819C0028F9DC /* HomeCollectionViewCell.swift */; };
		4040907B2B2281AB0028F9DC /* HomeViewController.swift in Sources */ = {isa = PBXBuildFile; fileRef = 4040907A2B2281AB0028F9DC /* HomeViewController.swift */; };
		4040907D2B22825D0028F9DC /* LaunchScreen.storyboard in Resources */ = {isa = PBXBuildFile; fileRef = 4040907C2B22825D0028F9DC /* LaunchScreen.storyboard */; };
		404090812B2282C00028F9DC /* Assets.xcassets in Resources */ = {isa = PBXBuildFile; fileRef = 404090802B2282C00028F9DC /* Assets.xcassets */; };
		404605FE2B2106D300004BFB /* TapBarItems.swift in Sources */ = {isa = PBXBuildFile; fileRef = 404605FD2B2106D300004BFB /* TapBarItems.swift */; };
		404606082B2260F800004BFB /* PopularBooks.swift in Sources */ = {isa = PBXBuildFile; fileRef = 404606072B2260F800004BFB /* PopularBooks.swift */; };
		4046060B2B22663B00004BFB /* URLGenerator.swift in Sources */ = {isa = PBXBuildFile; fileRef = 4046060A2B22663B00004BFB /* URLGenerator.swift */; };
		4046060D2B22684400004BFB /* NetworkService.swift in Sources */ = {isa = PBXBuildFile; fileRef = 4046060C2B22684400004BFB /* NetworkService.swift */; };
		7B1CBB3D2B1FB3380008D8E1 /* CategoryCollectionViewCell.swift in Sources */ = {isa = PBXBuildFile; fileRef = 7B1CBB3C2B1FB3380008D8E1 /* CategoryCollectionViewCell.swift */; };
		7BB90EE82B1F8C3500661D67 /* ScreenCategoriesViewController.swift in Sources */ = {isa = PBXBuildFile; fileRef = 7BB90EE72B1F8C3500661D67 /* ScreenCategoriesViewController.swift */; };
		7BFF2D782B21FCF10040D511 /* APIModel.swift in Sources */ = {isa = PBXBuildFile; fileRef = 7BFF2D772B21FCF10040D511 /* APIModel.swift */; };
		CAC4DD552B1CA3CE0051A325 /* AppDelegate.swift in Sources */ = {isa = PBXBuildFile; fileRef = CAC4DD542B1CA3CE0051A325 /* AppDelegate.swift */; };
		CAC4DD692B1CAE3D0051A325 /* TabBarViewController.swift in Sources */ = {isa = PBXBuildFile; fileRef = CAC4DD682B1CAE3D0051A325 /* TabBarViewController.swift */; };
		CAEBC98C2B1FC8EF00C68B53 /* CategoryCollectionViewLayout.swift in Sources */ = {isa = PBXBuildFile; fileRef = CAEBC98B2B1FC8EF00C68B53 /* CategoryCollectionViewLayout.swift */; };
		CAEBC98E2B1FD72000C68B53 /* TabBar.swift in Sources */ = {isa = PBXBuildFile; fileRef = CAEBC98D2B1FD72000C68B53 /* TabBar.swift */; };
/* End PBXBuildFile section */

/* Begin PBXFileReference section */
		1E0EE6532B1E213E0051C19C /* ProductViewController.swift */ = {isa = PBXFileReference; lastKnownFileType = sourcecode.swift; path = ProductViewController.swift; sourceTree = "<group>"; };
		1E0EE6552B1E25F10051C19C /* UIVIew - Extension.swift */ = {isa = PBXFileReference; lastKnownFileType = sourcecode.swift; path = "UIVIew - Extension.swift"; sourceTree = "<group>"; };
		1E0EE6592B1E2E5B0051C19C /* UIStackView - Extension.swift */ = {isa = PBXFileReference; lastKnownFileType = sourcecode.swift; path = "UIStackView - Extension.swift"; sourceTree = "<group>"; };
		1E0EE65B2B1E2E800051C19C /* UIButton - Extension.swift */ = {isa = PBXFileReference; lastKnownFileType = sourcecode.swift; path = "UIButton - Extension.swift"; sourceTree = "<group>"; };
		1E0EE65D2B1E3A620051C19C /* UILabel - Extension.swift */ = {isa = PBXFileReference; lastKnownFileType = sourcecode.swift; path = "UILabel - Extension.swift"; sourceTree = "<group>"; };
		1E2E384C2B221956003A2072 /* CustomAtributedLabel.swift */ = {isa = PBXFileReference; lastKnownFileType = sourcecode.swift; path = CustomAtributedLabel.swift; sourceTree = "<group>"; };
		1E2E384E2B221B4A003A2072 /* LikesViewController.swift */ = {isa = PBXFileReference; lastKnownFileType = sourcecode.swift; path = LikesViewController.swift; sourceTree = "<group>"; };
		1E2E38532B222125003A2072 /* LikesCollectionViewCell.swift */ = {isa = PBXFileReference; lastKnownFileType = sourcecode.swift; path = LikesCollectionViewCell.swift; sourceTree = "<group>"; };
		1E2E38552B2224DD003A2072 /* LikesCollectionView.swift */ = {isa = PBXFileReference; lastKnownFileType = sourcecode.swift; path = LikesCollectionView.swift; sourceTree = "<group>"; };
		1E2E38572B223A77003A2072 /* ButtonStyle.swift */ = {isa = PBXFileReference; lastKnownFileType = sourcecode.swift; path = ButtonStyle.swift; sourceTree = "<group>"; };
		1E3815222B23642D007EA57E /* ListViewController.swift */ = {isa = PBXFileReference; lastKnownFileType = sourcecode.swift; path = ListViewController.swift; sourceTree = "<group>"; };
		1E3815242B2364DF007EA57E /* CustomListView.swift */ = {isa = PBXFileReference; lastKnownFileType = sourcecode.swift; path = CustomListView.swift; sourceTree = "<group>"; };
		1E6D51492B275F20009718C4 /* LikeBook.swift */ = {isa = PBXFileReference; lastKnownFileType = sourcecode.swift; path = LikeBook.swift; sourceTree = "<group>"; };
		1E6D514B2B2760F4009718C4 /* StorageManager.swift */ = {isa = PBXFileReference; lastKnownFileType = sourcecode.swift; path = StorageManager.swift; sourceTree = "<group>"; };
		404090762B2281810028F9DC /* HomeCategoryCollectionViewCell.swift */ = {isa = PBXFileReference; lastKnownFileType = sourcecode.swift; path = HomeCategoryCollectionViewCell.swift; sourceTree = "<group>"; };
		404090782B22819C0028F9DC /* HomeCollectionViewCell.swift */ = {isa = PBXFileReference; lastKnownFileType = sourcecode.swift; path = HomeCollectionViewCell.swift; sourceTree = "<group>"; };
		4040907A2B2281AB0028F9DC /* HomeViewController.swift */ = {isa = PBXFileReference; lastKnownFileType = sourcecode.swift; path = HomeViewController.swift; sourceTree = "<group>"; };
		4040907C2B22825D0028F9DC /* LaunchScreen.storyboard */ = {isa = PBXFileReference; fileEncoding = 4; lastKnownFileType = file.storyboard; path = LaunchScreen.storyboard; sourceTree = "<group>"; };
		404090802B2282C00028F9DC /* Assets.xcassets */ = {isa = PBXFileReference; lastKnownFileType = folder.assetcatalog; path = Assets.xcassets; sourceTree = "<group>"; };
		404605FD2B2106D300004BFB /* TapBarItems.swift */ = {isa = PBXFileReference; lastKnownFileType = sourcecode.swift; path = TapBarItems.swift; sourceTree = "<group>"; };
		404606072B2260F800004BFB /* PopularBooks.swift */ = {isa = PBXFileReference; lastKnownFileType = sourcecode.swift; path = PopularBooks.swift; sourceTree = "<group>"; };
		4046060A2B22663B00004BFB /* URLGenerator.swift */ = {isa = PBXFileReference; lastKnownFileType = sourcecode.swift; path = URLGenerator.swift; sourceTree = "<group>"; };
		4046060C2B22684400004BFB /* NetworkService.swift */ = {isa = PBXFileReference; lastKnownFileType = sourcecode.swift; path = NetworkService.swift; sourceTree = "<group>"; };
		7B1CBB3C2B1FB3380008D8E1 /* CategoryCollectionViewCell.swift */ = {isa = PBXFileReference; lastKnownFileType = sourcecode.swift; path = CategoryCollectionViewCell.swift; sourceTree = "<group>"; };
		7BB90EE72B1F8C3500661D67 /* ScreenCategoriesViewController.swift */ = {isa = PBXFileReference; lastKnownFileType = sourcecode.swift; path = ScreenCategoriesViewController.swift; sourceTree = "<group>"; };
		7BFF2D772B21FCF10040D511 /* APIModel.swift */ = {isa = PBXFileReference; lastKnownFileType = sourcecode.swift; path = APIModel.swift; sourceTree = "<group>"; };
		CAC4DD512B1CA3CE0051A325 /* BookstoreApp.app */ = {isa = PBXFileReference; explicitFileType = wrapper.application; includeInIndex = 0; path = BookstoreApp.app; sourceTree = BUILT_PRODUCTS_DIR; };
		CAC4DD542B1CA3CE0051A325 /* AppDelegate.swift */ = {isa = PBXFileReference; lastKnownFileType = sourcecode.swift; path = AppDelegate.swift; sourceTree = "<group>"; };
		CAC4DD622B1CA3D00051A325 /* Info.plist */ = {isa = PBXFileReference; lastKnownFileType = text.plist.xml; path = Info.plist; sourceTree = "<group>"; };
		CAC4DD682B1CAE3D0051A325 /* TabBarViewController.swift */ = {isa = PBXFileReference; lastKnownFileType = sourcecode.swift; path = TabBarViewController.swift; sourceTree = "<group>"; };
		CAEBC98B2B1FC8EF00C68B53 /* CategoryCollectionViewLayout.swift */ = {isa = PBXFileReference; lastKnownFileType = sourcecode.swift; path = CategoryCollectionViewLayout.swift; sourceTree = "<group>"; };
		CAEBC98D2B1FD72000C68B53 /* TabBar.swift */ = {isa = PBXFileReference; lastKnownFileType = sourcecode.swift; path = TabBar.swift; sourceTree = "<group>"; };
/* End PBXFileReference section */

/* Begin PBXFrameworksBuildPhase section */
		CAC4DD4E2B1CA3CE0051A325 /* Frameworks */ = {
			isa = PBXFrameworksBuildPhase;
			buildActionMask = 2147483647;
			files = (
				1E6D51472B275CC2009718C4 /* RealmSwift in Frameworks */,
				1E6D51452B275CC2009718C4 /* Realm in Frameworks */,
			);
			runOnlyForDeploymentPostprocessing = 0;
		};
/* End PBXFrameworksBuildPhase section */

/* Begin PBXGroup section */
		1E0EE65F2B1E55DB0051C19C /* Extension */ = {
			isa = PBXGroup;
			children = (
				1E2E384C2B221956003A2072 /* CustomAtributedLabel.swift */,
				1E0EE65D2B1E3A620051C19C /* UILabel - Extension.swift */,
				1E0EE6592B1E2E5B0051C19C /* UIStackView - Extension.swift */,
				1E0EE65B2B1E2E800051C19C /* UIButton - Extension.swift */,
				1E0EE6552B1E25F10051C19C /* UIVIew - Extension.swift */,
				1E2E38572B223A77003A2072 /* ButtonStyle.swift */,
			);
			path = Extension;
			sourceTree = "<group>";
		};
		1E2E38492B2214ED003A2072 /* ProductViewController */ = {
			isa = PBXGroup;
			children = (
				1E0EE6532B1E213E0051C19C /* ProductViewController.swift */,
			);
			path = ProductViewController;
			sourceTree = "<group>";
		};
		1E2E384A2B221531003A2072 /* HomeViewController */ = {
			isa = PBXGroup;
			children = (
			);
			path = HomeViewController;
			sourceTree = "<group>";
		};
		1E2E384B2B2215A8003A2072 /* LikesViewController */ = {
			isa = PBXGroup;
			children = (
				1E2E384E2B221B4A003A2072 /* LikesViewController.swift */,
				1E2E38532B222125003A2072 /* LikesCollectionViewCell.swift */,
				1E2E38552B2224DD003A2072 /* LikesCollectionView.swift */,
			);
			path = LikesViewController;
			sourceTree = "<group>";
		};
		1E2E38502B221B8A003A2072 /* Aplication */ = {
			isa = PBXGroup;
			children = (
				CAC4DD542B1CA3CE0051A325 /* AppDelegate.swift */,
			);
			path = Aplication;
			sourceTree = "<group>";
		};
		1E2E38512B221B97003A2072 /* Supports  */ = {
			isa = PBXGroup;
			children = (
			);
			path = "Supports ";
			sourceTree = "<group>";
		};
		1E2E38522B221BCB003A2072 /* CustomTabBar */ = {
			isa = PBXGroup;
			children = (
				CAEBC98D2B1FD72000C68B53 /* TabBar.swift */,
				CAC4DD682B1CAE3D0051A325 /* TabBarViewController.swift */,
				404605FD2B2106D300004BFB /* TapBarItems.swift */,
			);
			path = CustomTabBar;
			sourceTree = "<group>";
		};
		1E3815212B2363D9007EA57E /* ListViewController */ = {
			isa = PBXGroup;
			children = (
				1E3815222B23642D007EA57E /* ListViewController.swift */,
				1E3815242B2364DF007EA57E /* CustomListView.swift */,
			);
			path = ListViewController;
			sourceTree = "<group>";
		};
		1E6D51482B275F06009718C4 /* RealmDataBase */ = {
			isa = PBXGroup;
			children = (
				1E6D51492B275F20009718C4 /* LikeBook.swift */,
				1E6D514B2B2760F4009718C4 /* StorageManager.swift */,
			);
			path = RealmDataBase;
			sourceTree = "<group>";
		};
		404606062B22609600004BFB /* Network Layer  */ = {
			isa = PBXGroup;
			children = (
				404606092B22610200004BFB /* Model */,
				4046060A2B22663B00004BFB /* URLGenerator.swift */,
			);
			path = "Network Layer ";
			sourceTree = "<group>";
		};
		404606092B22610200004BFB /* Model */ = {
			isa = PBXGroup;
			children = (
				404606072B2260F800004BFB /* PopularBooks.swift */,
				4046060C2B22684400004BFB /* NetworkService.swift */,
			);
			path = Model;
			sourceTree = "<group>";
		};
		7B1CBB3E2B1FB33F0008D8E1 /* ScreenCategoriesViewController */ = {
			isa = PBXGroup;
			children = (
				7BB90EE72B1F8C3500661D67 /* ScreenCategoriesViewController.swift */,
				7B1CBB3C2B1FB3380008D8E1 /* CategoryCollectionViewCell.swift */,
				CAEBC98B2B1FC8EF00C68B53 /* CategoryCollectionViewLayout.swift */,
			);
			path = ScreenCategoriesViewController;
			sourceTree = "<group>";
		};
		CAC4DD482B1CA3CE0051A325 = {
			isa = PBXGroup;
			children = (
				CAC4DD532B1CA3CE0051A325 /* BookstoreApp */,
				CAC4DD522B1CA3CE0051A325 /* Products */,
			);
			sourceTree = "<group>";
		};
		CAC4DD522B1CA3CE0051A325 /* Products */ = {
			isa = PBXGroup;
			children = (
				CAC4DD512B1CA3CE0051A325 /* BookstoreApp.app */,
			);
			name = Products;
			sourceTree = "<group>";
		};
		CAC4DD532B1CA3CE0051A325 /* BookstoreApp */ = {
			isa = PBXGroup;
			children = (
				1E6D51482B275F06009718C4 /* RealmDataBase */,
				1E3815212B2363D9007EA57E /* ListViewController */,
				1E2E38502B221B8A003A2072 /* Aplication */,
				1E2E38522B221BCB003A2072 /* CustomTabBar */,
				404606062B22609600004BFB /* Network Layer  */,
				1E0EE65F2B1E55DB0051C19C /* Extension */,
				1E2E384A2B221531003A2072 /* HomeViewController */,
				1E2E384B2B2215A8003A2072 /* LikesViewController */,
				1E2E38492B2214ED003A2072 /* ProductViewController */,
				7B1CBB3E2B1FB33F0008D8E1 /* ScreenCategoriesViewController */,
				7BFF2D772B21FCF10040D511 /* APIModel.swift */,
				404090802B2282C00028F9DC /* Assets.xcassets */,
				4040907C2B22825D0028F9DC /* LaunchScreen.storyboard */,
				CAC4DD622B1CA3D00051A325 /* Info.plist */,
				1E2E38512B221B97003A2072 /* Supports  */,
				404090762B2281810028F9DC /* HomeCategoryCollectionViewCell.swift */,
				404090782B22819C0028F9DC /* HomeCollectionViewCell.swift */,
				4040907A2B2281AB0028F9DC /* HomeViewController.swift */,
			);
			path = BookstoreApp;
			sourceTree = "<group>";
		};
/* End PBXGroup section */

/* Begin PBXNativeTarget section */
		CAC4DD502B1CA3CE0051A325 /* BookstoreApp */ = {
			isa = PBXNativeTarget;
			buildConfigurationList = CAC4DD652B1CA3D00051A325 /* Build configuration list for PBXNativeTarget "BookstoreApp" */;
			buildPhases = (
				CAC4DD4D2B1CA3CE0051A325 /* Sources */,
				CAC4DD4E2B1CA3CE0051A325 /* Frameworks */,
				CAC4DD4F2B1CA3CE0051A325 /* Resources */,
			);
			buildRules = (
			);
			dependencies = (
			);
			name = BookstoreApp;
			packageProductDependencies = (
				1E6D51442B275CC2009718C4 /* Realm */,
				1E6D51462B275CC2009718C4 /* RealmSwift */,
			);
			productName = BookstoreApp;
			productReference = CAC4DD512B1CA3CE0051A325 /* BookstoreApp.app */;
			productType = "com.apple.product-type.application";
		};
/* End PBXNativeTarget section */

/* Begin PBXProject section */
		CAC4DD492B1CA3CE0051A325 /* Project object */ = {
			isa = PBXProject;
			attributes = {
				BuildIndependentTargetsInParallel = 1;
				LastSwiftUpdateCheck = 1430;
				LastUpgradeCheck = 1500;
				TargetAttributes = {
					CAC4DD502B1CA3CE0051A325 = {
						CreatedOnToolsVersion = 14.3.1;
					};
				};
			};
			buildConfigurationList = CAC4DD4C2B1CA3CE0051A325 /* Build configuration list for PBXProject "BookstoreApp" */;
			compatibilityVersion = "Xcode 14.0";
			developmentRegion = en;
			hasScannedForEncodings = 0;
			knownRegions = (
				en,
				Base,
			);
			mainGroup = CAC4DD482B1CA3CE0051A325;
			packageReferences = (
				1E6D51432B275CC2009718C4 /* XCRemoteSwiftPackageReference "realm-swift" */,
			);
			productRefGroup = CAC4DD522B1CA3CE0051A325 /* Products */;
			projectDirPath = "";
			projectRoot = "";
			targets = (
				CAC4DD502B1CA3CE0051A325 /* BookstoreApp */,
			);
		};
/* End PBXProject section */

/* Begin PBXResourcesBuildPhase section */
		CAC4DD4F2B1CA3CE0051A325 /* Resources */ = {
			isa = PBXResourcesBuildPhase;
			buildActionMask = 2147483647;
			files = (
				404090812B2282C00028F9DC /* Assets.xcassets in Resources */,
				4040907D2B22825D0028F9DC /* LaunchScreen.storyboard in Resources */,
			);
			runOnlyForDeploymentPostprocessing = 0;
		};
/* End PBXResourcesBuildPhase section */

/* Begin PBXSourcesBuildPhase section */
		CAC4DD4D2B1CA3CE0051A325 /* Sources */ = {
			isa = PBXSourcesBuildPhase;
			buildActionMask = 2147483647;
			files = (
				1E0EE6542B1E213E0051C19C /* ProductViewController.swift in Sources */,
				7B1CBB3D2B1FB3380008D8E1 /* CategoryCollectionViewCell.swift in Sources */,
				404090792B22819C0028F9DC /* HomeCollectionViewCell.swift in Sources */,
				1E6D514C2B2760F4009718C4 /* StorageManager.swift in Sources */,
				CAEBC98E2B1FD72000C68B53 /* TabBar.swift in Sources */,
				4046060D2B22684400004BFB /* NetworkService.swift in Sources */,
				7BFF2D782B21FCF10040D511 /* APIModel.swift in Sources */,
				1E2E38562B2224DD003A2072 /* LikesCollectionView.swift in Sources */,
				1E2E384D2B221956003A2072 /* CustomAtributedLabel.swift in Sources */,
				1E3815232B23642D007EA57E /* ListViewController.swift in Sources */,
				1E0EE65C2B1E2E800051C19C /* UIButton - Extension.swift in Sources */,
				4046060B2B22663B00004BFB /* URLGenerator.swift in Sources */,
				404090772B2281810028F9DC /* HomeCategoryCollectionViewCell.swift in Sources */,
				4040907B2B2281AB0028F9DC /* HomeViewController.swift in Sources */,
				CAC4DD692B1CAE3D0051A325 /* TabBarViewController.swift in Sources */,
				404605FE2B2106D300004BFB /* TapBarItems.swift in Sources */,
				1E0EE6562B1E25F10051C19C /* UIVIew - Extension.swift in Sources */,
				1E2E384F2B221B4A003A2072 /* LikesViewController.swift in Sources */,
				1E3815252B2364DF007EA57E /* CustomListView.swift in Sources */,
				1E0EE65E2B1E3A620051C19C /* UILabel - Extension.swift in Sources */,
				1E2E38582B223A77003A2072 /* ButtonStyle.swift in Sources */,
				CAC4DD552B1CA3CE0051A325 /* AppDelegate.swift in Sources */,
				1E6D514A2B275F20009718C4 /* LikeBook.swift in Sources */,
				7BB90EE82B1F8C3500661D67 /* ScreenCategoriesViewController.swift in Sources */,
				1E0EE65A2B1E2E5B0051C19C /* UIStackView - Extension.swift in Sources */,
				1E2E38542B222125003A2072 /* LikesCollectionViewCell.swift in Sources */,
				404606082B2260F800004BFB /* PopularBooks.swift in Sources */,
				CAEBC98C2B1FC8EF00C68B53 /* CategoryCollectionViewLayout.swift in Sources */,
			);
			runOnlyForDeploymentPostprocessing = 0;
		};
/* End PBXSourcesBuildPhase section */

/* Begin XCBuildConfiguration section */
		CAC4DD632B1CA3D00051A325 /* Debug */ = {
			isa = XCBuildConfiguration;
			buildSettings = {
				ALWAYS_SEARCH_USER_PATHS = NO;
				CLANG_ANALYZER_NONNULL = YES;
				CLANG_ANALYZER_NUMBER_OBJECT_CONVERSION = YES_AGGRESSIVE;
				CLANG_CXX_LANGUAGE_STANDARD = "gnu++20";
				CLANG_ENABLE_MODULES = YES;
				CLANG_ENABLE_OBJC_ARC = YES;
				CLANG_ENABLE_OBJC_WEAK = YES;
				CLANG_WARN_BLOCK_CAPTURE_AUTORELEASING = YES;
				CLANG_WARN_BOOL_CONVERSION = YES;
				CLANG_WARN_COMMA = YES;
				CLANG_WARN_CONSTANT_CONVERSION = YES;
				CLANG_WARN_DEPRECATED_OBJC_IMPLEMENTATIONS = YES;
				CLANG_WARN_DIRECT_OBJC_ISA_USAGE = YES_ERROR;
				CLANG_WARN_DOCUMENTATION_COMMENTS = YES;
				CLANG_WARN_EMPTY_BODY = YES;
				CLANG_WARN_ENUM_CONVERSION = YES;
				CLANG_WARN_INFINITE_RECURSION = YES;
				CLANG_WARN_INT_CONVERSION = YES;
				CLANG_WARN_NON_LITERAL_NULL_CONVERSION = YES;
				CLANG_WARN_OBJC_IMPLICIT_RETAIN_SELF = YES;
				CLANG_WARN_OBJC_LITERAL_CONVERSION = YES;
				CLANG_WARN_OBJC_ROOT_CLASS = YES_ERROR;
				CLANG_WARN_QUOTED_INCLUDE_IN_FRAMEWORK_HEADER = YES;
				CLANG_WARN_RANGE_LOOP_ANALYSIS = YES;
				CLANG_WARN_STRICT_PROTOTYPES = YES;
				CLANG_WARN_SUSPICIOUS_MOVE = YES;
				CLANG_WARN_UNGUARDED_AVAILABILITY = YES_AGGRESSIVE;
				CLANG_WARN_UNREACHABLE_CODE = YES;
				CLANG_WARN__DUPLICATE_METHOD_MATCH = YES;
				COPY_PHASE_STRIP = NO;
				DEBUG_INFORMATION_FORMAT = dwarf;
				ENABLE_STRICT_OBJC_MSGSEND = YES;
				ENABLE_TESTABILITY = YES;
				ENABLE_USER_SCRIPT_SANDBOXING = YES;
				GCC_C_LANGUAGE_STANDARD = gnu11;
				GCC_DYNAMIC_NO_PIC = NO;
				GCC_NO_COMMON_BLOCKS = YES;
				GCC_OPTIMIZATION_LEVEL = 0;
				GCC_PREPROCESSOR_DEFINITIONS = (
					"DEBUG=1",
					"$(inherited)",
				);
				GCC_WARN_64_TO_32_BIT_CONVERSION = YES;
				GCC_WARN_ABOUT_RETURN_TYPE = YES_ERROR;
				GCC_WARN_UNDECLARED_SELECTOR = YES;
				GCC_WARN_UNINITIALIZED_AUTOS = YES_AGGRESSIVE;
				GCC_WARN_UNUSED_FUNCTION = YES;
				GCC_WARN_UNUSED_VARIABLE = YES;
				IPHONEOS_DEPLOYMENT_TARGET = 15.0;
				MTL_ENABLE_DEBUG_INFO = INCLUDE_SOURCE;
				MTL_FAST_MATH = YES;
				ONLY_ACTIVE_ARCH = YES;
				SDKROOT = iphoneos;
				SWIFT_ACTIVE_COMPILATION_CONDITIONS = DEBUG;
				SWIFT_OPTIMIZATION_LEVEL = "-Onone";
			};
			name = Debug;
		};
		CAC4DD642B1CA3D00051A325 /* Release */ = {
			isa = XCBuildConfiguration;
			buildSettings = {
				ALWAYS_SEARCH_USER_PATHS = NO;
				CLANG_ANALYZER_NONNULL = YES;
				CLANG_ANALYZER_NUMBER_OBJECT_CONVERSION = YES_AGGRESSIVE;
				CLANG_CXX_LANGUAGE_STANDARD = "gnu++20";
				CLANG_ENABLE_MODULES = YES;
				CLANG_ENABLE_OBJC_ARC = YES;
				CLANG_ENABLE_OBJC_WEAK = YES;
				CLANG_WARN_BLOCK_CAPTURE_AUTORELEASING = YES;
				CLANG_WARN_BOOL_CONVERSION = YES;
				CLANG_WARN_COMMA = YES;
				CLANG_WARN_CONSTANT_CONVERSION = YES;
				CLANG_WARN_DEPRECATED_OBJC_IMPLEMENTATIONS = YES;
				CLANG_WARN_DIRECT_OBJC_ISA_USAGE = YES_ERROR;
				CLANG_WARN_DOCUMENTATION_COMMENTS = YES;
				CLANG_WARN_EMPTY_BODY = YES;
				CLANG_WARN_ENUM_CONVERSION = YES;
				CLANG_WARN_INFINITE_RECURSION = YES;
				CLANG_WARN_INT_CONVERSION = YES;
				CLANG_WARN_NON_LITERAL_NULL_CONVERSION = YES;
				CLANG_WARN_OBJC_IMPLICIT_RETAIN_SELF = YES;
				CLANG_WARN_OBJC_LITERAL_CONVERSION = YES;
				CLANG_WARN_OBJC_ROOT_CLASS = YES_ERROR;
				CLANG_WARN_QUOTED_INCLUDE_IN_FRAMEWORK_HEADER = YES;
				CLANG_WARN_RANGE_LOOP_ANALYSIS = YES;
				CLANG_WARN_STRICT_PROTOTYPES = YES;
				CLANG_WARN_SUSPICIOUS_MOVE = YES;
				CLANG_WARN_UNGUARDED_AVAILABILITY = YES_AGGRESSIVE;
				CLANG_WARN_UNREACHABLE_CODE = YES;
				CLANG_WARN__DUPLICATE_METHOD_MATCH = YES;
				COPY_PHASE_STRIP = NO;
				DEBUG_INFORMATION_FORMAT = "dwarf-with-dsym";
				ENABLE_NS_ASSERTIONS = NO;
				ENABLE_STRICT_OBJC_MSGSEND = YES;
				ENABLE_USER_SCRIPT_SANDBOXING = YES;
				GCC_C_LANGUAGE_STANDARD = gnu11;
				GCC_NO_COMMON_BLOCKS = YES;
				GCC_WARN_64_TO_32_BIT_CONVERSION = YES;
				GCC_WARN_ABOUT_RETURN_TYPE = YES_ERROR;
				GCC_WARN_UNDECLARED_SELECTOR = YES;
				GCC_WARN_UNINITIALIZED_AUTOS = YES_AGGRESSIVE;
				GCC_WARN_UNUSED_FUNCTION = YES;
				GCC_WARN_UNUSED_VARIABLE = YES;
				IPHONEOS_DEPLOYMENT_TARGET = 15.0;
				MTL_ENABLE_DEBUG_INFO = NO;
				MTL_FAST_MATH = YES;
				SDKROOT = iphoneos;
				SWIFT_COMPILATION_MODE = wholemodule;
				SWIFT_OPTIMIZATION_LEVEL = "-O";
				VALIDATE_PRODUCT = YES;
			};
			name = Release;
		};
		CAC4DD662B1CA3D00051A325 /* Debug */ = {
			isa = XCBuildConfiguration;
			buildSettings = {
				ASSETCATALOG_COMPILER_APPICON_NAME = AppIcon;
				ASSETCATALOG_COMPILER_GLOBAL_ACCENT_COLOR_NAME = AccentColor;
				CODE_SIGN_STYLE = Automatic;
				CURRENT_PROJECT_VERSION = 1;
				DEVELOPMENT_TEAM = NWG2G9JHN2;
				GENERATE_INFOPLIST_FILE = YES;
				INFOPLIST_FILE = BookstoreApp/Info.plist;
				INFOPLIST_KEY_UIApplicationSupportsIndirectInputEvents = YES;
				INFOPLIST_KEY_UILaunchStoryboardName = LaunchScreen;
				INFOPLIST_KEY_UISupportedInterfaceOrientations = UIInterfaceOrientationPortrait;
				INFOPLIST_KEY_UISupportedInterfaceOrientations_iPad = "UIInterfaceOrientationLandscapeLeft UIInterfaceOrientationLandscapeRight UIInterfaceOrientationPortrait UIInterfaceOrientationPortraitUpsideDown";
				IPHONEOS_DEPLOYMENT_TARGET = 15.0;
				LD_RUNPATH_SEARCH_PATHS = (
					"$(inherited)",
					"@executable_path/Frameworks",
				);
				MARKETING_VERSION = 1.0;
				PRODUCT_BUNDLE_IDENTIFIER = ExPoSeS.BookstoreApp;
				PRODUCT_NAME = "$(TARGET_NAME)";
				SUPPORTED_PLATFORMS = "iphoneos iphonesimulator";
				SUPPORTS_MACCATALYST = NO;
				SUPPORTS_MAC_DESIGNED_FOR_IPHONE_IPAD = NO;
				SWIFT_EMIT_LOC_STRINGS = YES;
				SWIFT_VERSION = 5.0;
				TARGETED_DEVICE_FAMILY = 1;
			};
			name = Debug;
		};
		CAC4DD672B1CA3D00051A325 /* Release */ = {
			isa = XCBuildConfiguration;
			buildSettings = {
				ASSETCATALOG_COMPILER_APPICON_NAME = AppIcon;
				ASSETCATALOG_COMPILER_GLOBAL_ACCENT_COLOR_NAME = AccentColor;
				CODE_SIGN_STYLE = Automatic;
				CURRENT_PROJECT_VERSION = 1;
				DEVELOPMENT_TEAM = NWG2G9JHN2;
				GENERATE_INFOPLIST_FILE = YES;
				INFOPLIST_FILE = BookstoreApp/Info.plist;
				INFOPLIST_KEY_UIApplicationSupportsIndirectInputEvents = YES;
				INFOPLIST_KEY_UILaunchStoryboardName = LaunchScreen;
				INFOPLIST_KEY_UISupportedInterfaceOrientations = UIInterfaceOrientationPortrait;
				INFOPLIST_KEY_UISupportedInterfaceOrientations_iPad = "UIInterfaceOrientationLandscapeLeft UIInterfaceOrientationLandscapeRight UIInterfaceOrientationPortrait UIInterfaceOrientationPortraitUpsideDown";
				IPHONEOS_DEPLOYMENT_TARGET = 15.0;
				LD_RUNPATH_SEARCH_PATHS = (
					"$(inherited)",
					"@executable_path/Frameworks",
				);
				MARKETING_VERSION = 1.0;
				PRODUCT_BUNDLE_IDENTIFIER = ExPoSeS.BookstoreApp;
				PRODUCT_NAME = "$(TARGET_NAME)";
				SUPPORTED_PLATFORMS = "iphoneos iphonesimulator";
				SUPPORTS_MACCATALYST = NO;
				SUPPORTS_MAC_DESIGNED_FOR_IPHONE_IPAD = NO;
				SWIFT_EMIT_LOC_STRINGS = YES;
				SWIFT_VERSION = 5.0;
				TARGETED_DEVICE_FAMILY = 1;
			};
			name = Release;
		};
/* End XCBuildConfiguration section */

/* Begin XCConfigurationList section */
		CAC4DD4C2B1CA3CE0051A325 /* Build configuration list for PBXProject "BookstoreApp" */ = {
			isa = XCConfigurationList;
			buildConfigurations = (
				CAC4DD632B1CA3D00051A325 /* Debug */,
				CAC4DD642B1CA3D00051A325 /* Release */,
			);
			defaultConfigurationIsVisible = 0;
			defaultConfigurationName = Release;
		};
		CAC4DD652B1CA3D00051A325 /* Build configuration list for PBXNativeTarget "BookstoreApp" */ = {
			isa = XCConfigurationList;
			buildConfigurations = (
				CAC4DD662B1CA3D00051A325 /* Debug */,
				CAC4DD672B1CA3D00051A325 /* Release */,
			);
			defaultConfigurationIsVisible = 0;
			defaultConfigurationName = Release;
		};
/* End XCConfigurationList section */

/* Begin XCRemoteSwiftPackageReference section */
		1E6D51432B275CC2009718C4 /* XCRemoteSwiftPackageReference "realm-swift" */ = {
			isa = XCRemoteSwiftPackageReference;
			repositoryURL = "https://github.com/realm/realm-swift";
			requirement = {
				branch = master;
				kind = branch;
			};
		};
/* End XCRemoteSwiftPackageReference section */

/* Begin XCSwiftPackageProductDependency section */
		1E6D51442B275CC2009718C4 /* Realm */ = {
			isa = XCSwiftPackageProductDependency;
			package = 1E6D51432B275CC2009718C4 /* XCRemoteSwiftPackageReference "realm-swift" */;
			productName = Realm;
		};
		1E6D51462B275CC2009718C4 /* RealmSwift */ = {
			isa = XCSwiftPackageProductDependency;
			package = 1E6D51432B275CC2009718C4 /* XCRemoteSwiftPackageReference "realm-swift" */;
			productName = RealmSwift;
		};
/* End XCSwiftPackageProductDependency section */
	};
	rootObject = CAC4DD492B1CA3CE0051A325 /* Project object */;
}
