// !$*UTF8*$!
{
	archiveVersion = 1;
	classes = {
	};
	objectVersion = 56;
	objects = {

/* Begin PBXBuildFile section */
		1E0EE6542B1E213E0051C19C /* ScreenProductViewController.swift in Sources */ = {isa = PBXBuildFile; fileRef = 1E0EE6532B1E213E0051C19C /* ScreenProductViewController.swift */; };
		1E0EE6562B1E25F10051C19C /* UIVIew - Extension.swift in Sources */ = {isa = PBXBuildFile; fileRef = 1E0EE6552B1E25F10051C19C /* UIVIew - Extension.swift */; };
		1E0EE65A2B1E2E5B0051C19C /* UIStackView - Extension.swift in Sources */ = {isa = PBXBuildFile; fileRef = 1E0EE6592B1E2E5B0051C19C /* UIStackView - Extension.swift */; };
		1E0EE65C2B1E2E800051C19C /* UIButton - Extension.swift in Sources */ = {isa = PBXBuildFile; fileRef = 1E0EE65B2B1E2E800051C19C /* UIButton - Extension.swift */; };
		1E0EE65E2B1E3A620051C19C /* UILabel - Extesion.swift in Sources */ = {isa = PBXBuildFile; fileRef = 1E0EE65D2B1E3A620051C19C /* UILabel - Extesion.swift */; };
		CAC4DD552B1CA3CE0051A325 /* AppDelegate.swift in Sources */ = {isa = PBXBuildFile; fileRef = CAC4DD542B1CA3CE0051A325 /* AppDelegate.swift */; };
		CAC4DD592B1CA3CE0051A325 /* ViewController.swift in Sources */ = {isa = PBXBuildFile; fileRef = CAC4DD582B1CA3CE0051A325 /* ViewController.swift */; };
		CAC4DD5E2B1CA3D00051A325 /* Assets.xcassets in Resources */ = {isa = PBXBuildFile; fileRef = CAC4DD5D2B1CA3D00051A325 /* Assets.xcassets */; };
		CAC4DD612B1CA3D00051A325 /* LaunchScreen.storyboard in Resources */ = {isa = PBXBuildFile; fileRef = CAC4DD5F2B1CA3D00051A325 /* LaunchScreen.storyboard */; };
		CAC4DD692B1CAE3D0051A325 /* TabBarViewController.swift in Sources */ = {isa = PBXBuildFile; fileRef = CAC4DD682B1CAE3D0051A325 /* TabBarViewController.swift */; };
/* End PBXBuildFile section */

/* Begin PBXFileReference section */
		1E0EE6532B1E213E0051C19C /* ScreenProductViewController.swift */ = {isa = PBXFileReference; lastKnownFileType = sourcecode.swift; path = ScreenProductViewController.swift; sourceTree = "<group>"; };
		1E0EE6552B1E25F10051C19C /* UIVIew - Extension.swift */ = {isa = PBXFileReference; lastKnownFileType = sourcecode.swift; path = "UIVIew - Extension.swift"; sourceTree = "<group>"; };
		1E0EE6592B1E2E5B0051C19C /* UIStackView - Extension.swift */ = {isa = PBXFileReference; lastKnownFileType = sourcecode.swift; path = "UIStackView - Extension.swift"; sourceTree = "<group>"; };
		1E0EE65B2B1E2E800051C19C /* UIButton - Extension.swift */ = {isa = PBXFileReference; lastKnownFileType = sourcecode.swift; path = "UIButton - Extension.swift"; sourceTree = "<group>"; };
		1E0EE65D2B1E3A620051C19C /* UILabel - Extesion.swift */ = {isa = PBXFileReference; lastKnownFileType = sourcecode.swift; path = "UILabel - Extesion.swift"; sourceTree = "<group>"; };
		CAC4DD512B1CA3CE0051A325 /* BookstoreApp.app */ = {isa = PBXFileReference; explicitFileType = wrapper.application; includeInIndex = 0; path = BookstoreApp.app; sourceTree = BUILT_PRODUCTS_DIR; };
		CAC4DD542B1CA3CE0051A325 /* AppDelegate.swift */ = {isa = PBXFileReference; lastKnownFileType = sourcecode.swift; path = AppDelegate.swift; sourceTree = "<group>"; };
		CAC4DD582B1CA3CE0051A325 /* ViewController.swift */ = {isa = PBXFileReference; lastKnownFileType = sourcecode.swift; path = ViewController.swift; sourceTree = "<group>"; };
		CAC4DD5D2B1CA3D00051A325 /* Assets.xcassets */ = {isa = PBXFileReference; lastKnownFileType = folder.assetcatalog; path = Assets.xcassets; sourceTree = "<group>"; };
		CAC4DD602B1CA3D00051A325 /* Base */ = {isa = PBXFileReference; lastKnownFileType = file.storyboard; name = Base; path = Base.lproj/LaunchScreen.storyboard; sourceTree = "<group>"; };
		CAC4DD622B1CA3D00051A325 /* Info.plist */ = {isa = PBXFileReference; lastKnownFileType = text.plist.xml; path = Info.plist; sourceTree = "<group>"; };
		CAC4DD682B1CAE3D0051A325 /* TabBarViewController.swift */ = {isa = PBXFileReference; lastKnownFileType = sourcecode.swift; path = TabBarViewController.swift; sourceTree = "<group>"; };
/* End PBXFileReference section */

/* Begin PBXFrameworksBuildPhase section */
		CAC4DD4E2B1CA3CE0051A325 /* Frameworks */ = {
			isa = PBXFrameworksBuildPhase;
			buildActionMask = 2147483647;
			files = (
			);
			runOnlyForDeploymentPostprocessing = 0;
		};
/* End PBXFrameworksBuildPhase section */

/* Begin PBXGroup section */
		CAC4DD482B1CA3CE0051A325 = {
			isa = PBXGroup;
			children = (
				CAC4DD532B1CA3CE0051A325 /* BookstoreApp */,
				CAC4DD522B1CA3CE0051A325 /* Products */,
			);
			sourceTree = "<group>";
		};
		CAC4DD522B1CA3CE0051A325 /* Products */ = {
			isa = PBXGroup;
			children = (
				CAC4DD512B1CA3CE0051A325 /* BookstoreApp.app */,
			);
			name = Products;
			sourceTree = "<group>";
		};
		CAC4DD532B1CA3CE0051A325 /* BookstoreApp */ = {
			isa = PBXGroup;
			children = (
				CAC4DD542B1CA3CE0051A325 /* AppDelegate.swift */,
				CAC4DD682B1CAE3D0051A325 /* TabBarViewController.swift */,
				1E0EE6532B1E213E0051C19C /* ScreenProductViewController.swift */,
				1E0EE65D2B1E3A620051C19C /* UILabel - Extesion.swift */,
				1E0EE6592B1E2E5B0051C19C /* UIStackView - Extension.swift */,
				1E0EE65B2B1E2E800051C19C /* UIButton - Extension.swift */,
				1E0EE6552B1E25F10051C19C /* UIVIew - Extension.swift */,
				CAC4DD582B1CA3CE0051A325 /* ViewController.swift */,
				CAC4DD5D2B1CA3D00051A325 /* Assets.xcassets */,
				CAC4DD5F2B1CA3D00051A325 /* LaunchScreen.storyboard */,
				CAC4DD622B1CA3D00051A325 /* Info.plist */,
			);
			path = BookstoreApp;
			sourceTree = "<group>";
		};
/* End PBXGroup section */

/* Begin PBXNativeTarget section */
		CAC4DD502B1CA3CE0051A325 /* BookstoreApp */ = {
			isa = PBXNativeTarget;
			buildConfigurationList = CAC4DD652B1CA3D00051A325 /* Build configuration list for PBXNativeTarget "BookstoreApp" */;
			buildPhases = (
				CAC4DD4D2B1CA3CE0051A325 /* Sources */,
				CAC4DD4E2B1CA3CE0051A325 /* Frameworks */,
				CAC4DD4F2B1CA3CE0051A325 /* Resources */,
			);
			buildRules = (
			);
			dependencies = (
			);
			name = BookstoreApp;
			productName = BookstoreApp;
			productReference = CAC4DD512B1CA3CE0051A325 /* BookstoreApp.app */;
			productType = "com.apple.product-type.application";
		};
/* End PBXNativeTarget section */

/* Begin PBXProject section */
		CAC4DD492B1CA3CE0051A325 /* Project object */ = {
			isa = PBXProject;
			attributes = {
				BuildIndependentTargetsInParallel = 1;
				LastSwiftUpdateCheck = 1430;
				LastUpgradeCheck = 1500;
				TargetAttributes = {
					CAC4DD502B1CA3CE0051A325 = {
						CreatedOnToolsVersion = 14.3.1;
					};
				};
			};
			buildConfigurationList = CAC4DD4C2B1CA3CE0051A325 /* Build configuration list for PBXProject "BookstoreApp" */;
			compatibilityVersion = "Xcode 14.0";
			developmentRegion = en;
			hasScannedForEncodings = 0;
			knownRegions = (
				en,
				Base,
			);
			mainGroup = CAC4DD482B1CA3CE0051A325;
			productRefGroup = CAC4DD522B1CA3CE0051A325 /* Products */;
			projectDirPath = "";
			projectRoot = "";
			targets = (
				CAC4DD502B1CA3CE0051A325 /* BookstoreApp */,
			);
		};
/* End PBXProject section */

/* Begin PBXResourcesBuildPhase section */
		CAC4DD4F2B1CA3CE0051A325 /* Resources */ = {
			isa = PBXResourcesBuildPhase;
			buildActionMask = 2147483647;
			files = (
				CAC4DD612B1CA3D00051A325 /* LaunchScreen.storyboard in Resources */,
				CAC4DD5E2B1CA3D00051A325 /* Assets.xcassets in Resources */,
			);
			runOnlyForDeploymentPostprocessing = 0;
		};
/* End PBXResourcesBuildPhase section */

/* Begin PBXSourcesBuildPhase section */
		CAC4DD4D2B1CA3CE0051A325 /* Sources */ = {
			isa = PBXSourcesBuildPhase;
			buildActionMask = 2147483647;
			files = (
				1E0EE6542B1E213E0051C19C /* ScreenProductViewController.swift in Sources */,
				CAC4DD592B1CA3CE0051A325 /* ViewController.swift in Sources */,
				1E0EE65C2B1E2E800051C19C /* UIButton - Extension.swift in Sources */,
				CAC4DD692B1CAE3D0051A325 /* TabBarViewController.swift in Sources */,
				1E0EE6562B1E25F10051C19C /* UIVIew - Extension.swift in Sources */,
				1E0EE65E2B1E3A620051C19C /* UILabel - Extesion.swift in Sources */,
				CAC4DD552B1CA3CE0051A325 /* AppDelegate.swift in Sources */,
				1E0EE65A2B1E2E5B0051C19C /* UIStackView - Extension.swift in Sources */,
			);
			runOnlyForDeploymentPostprocessing = 0;
		};
/* End PBXSourcesBuildPhase section */

/* Begin PBXVariantGroup section */
		CAC4DD5F2B1CA3D00051A325 /* LaunchScreen.storyboard */ = {
			isa = PBXVariantGroup;
			children = (
				CAC4DD602B1CA3D00051A325 /* Base */,
			);
			name = LaunchScreen.storyboard;
			sourceTree = "<group>";
		};
/* End PBXVariantGroup section */

/* Begin XCBuildConfiguration section */
		CAC4DD632B1CA3D00051A325 /* Debug */ = {
			isa = XCBuildConfiguration;
			buildSettings = {
				ALWAYS_SEARCH_USER_PATHS = NO;
				CLANG_ANALYZER_NONNULL = YES;
				CLANG_ANALYZER_NUMBER_OBJECT_CONVERSION = YES_AGGRESSIVE;
				CLANG_CXX_LANGUAGE_STANDARD = "gnu++20";
				CLANG_ENABLE_MODULES = YES;
				CLANG_ENABLE_OBJC_ARC = YES;
				CLANG_ENABLE_OBJC_WEAK = YES;
				CLANG_WARN_BLOCK_CAPTURE_AUTORELEASING = YES;
				CLANG_WARN_BOOL_CONVERSION = YES;
				CLANG_WARN_COMMA = YES;
				CLANG_WARN_CONSTANT_CONVERSION = YES;
				CLANG_WARN_DEPRECATED_OBJC_IMPLEMENTATIONS = YES;
				CLANG_WARN_DIRECT_OBJC_ISA_USAGE = YES_ERROR;
				CLANG_WARN_DOCUMENTATION_COMMENTS = YES;
				CLANG_WARN_EMPTY_BODY = YES;
				CLANG_WARN_ENUM_CONVERSION = YES;
				CLANG_WARN_INFINITE_RECURSION = YES;
				CLANG_WARN_INT_CONVERSION = YES;
				CLANG_WARN_NON_LITERAL_NULL_CONVERSION = YES;
				CLANG_WARN_OBJC_IMPLICIT_RETAIN_SELF = YES;
				CLANG_WARN_OBJC_LITERAL_CONVERSION = YES;
				CLANG_WARN_OBJC_ROOT_CLASS = YES_ERROR;
				CLANG_WARN_QUOTED_INCLUDE_IN_FRAMEWORK_HEADER = YES;
				CLANG_WARN_RANGE_LOOP_ANALYSIS = YES;
				CLANG_WARN_STRICT_PROTOTYPES = YES;
				CLANG_WARN_SUSPICIOUS_MOVE = YES;
				CLANG_WARN_UNGUARDED_AVAILABILITY = YES_AGGRESSIVE;
				CLANG_WARN_UNREACHABLE_CODE = YES;
				CLANG_WARN__DUPLICATE_METHOD_MATCH = YES;
				COPY_PHASE_STRIP = NO;
				DEBUG_INFORMATION_FORMAT = dwarf;
				ENABLE_STRICT_OBJC_MSGSEND = YES;
				ENABLE_TESTABILITY = YES;
				ENABLE_USER_SCRIPT_SANDBOXING = YES;
				GCC_C_LANGUAGE_STANDARD = gnu11;
				GCC_DYNAMIC_NO_PIC = NO;
				GCC_NO_COMMON_BLOCKS = YES;
				GCC_OPTIMIZATION_LEVEL = 0;
				GCC_PREPROCESSOR_DEFINITIONS = (
					"DEBUG=1",
					"$(inherited)",
				);
				GCC_WARN_64_TO_32_BIT_CONVERSION = YES;
				GCC_WARN_ABOUT_RETURN_TYPE = YES_ERROR;
				GCC_WARN_UNDECLARED_SELECTOR = YES;
				GCC_WARN_UNINITIALIZED_AUTOS = YES_AGGRESSIVE;
				GCC_WARN_UNUSED_FUNCTION = YES;
				GCC_WARN_UNUSED_VARIABLE = YES;
				IPHONEOS_DEPLOYMENT_TARGET = 16.4;
				MTL_ENABLE_DEBUG_INFO = INCLUDE_SOURCE;
				MTL_FAST_MATH = YES;
				ONLY_ACTIVE_ARCH = YES;
				SDKROOT = iphoneos;
				SWIFT_ACTIVE_COMPILATION_CONDITIONS = DEBUG;
				SWIFT_OPTIMIZATION_LEVEL = "-Onone";
			};
			name = Debug;
		};
		CAC4DD642B1CA3D00051A325 /* Release */ = {
			isa = XCBuildConfiguration;
			buildSettings = {
				ALWAYS_SEARCH_USER_PATHS = NO;
				CLANG_ANALYZER_NONNULL = YES;
				CLANG_ANALYZER_NUMBER_OBJECT_CONVERSION = YES_AGGRESSIVE;
				CLANG_CXX_LANGUAGE_STANDARD = "gnu++20";
				CLANG_ENABLE_MODULES = YES;
				CLANG_ENABLE_OBJC_ARC = YES;
				CLANG_ENABLE_OBJC_WEAK = YES;
				CLANG_WARN_BLOCK_CAPTURE_AUTORELEASING = YES;
				CLANG_WARN_BOOL_CONVERSION = YES;
				CLANG_WARN_COMMA = YES;
				CLANG_WARN_CONSTANT_CONVERSION = YES;
				CLANG_WARN_DEPRECATED_OBJC_IMPLEMENTATIONS = YES;
				CLANG_WARN_DIRECT_OBJC_ISA_USAGE = YES_ERROR;
				CLANG_WARN_DOCUMENTATION_COMMENTS = YES;
				CLANG_WARN_EMPTY_BODY = YES;
				CLANG_WARN_ENUM_CONVERSION = YES;
				CLANG_WARN_INFINITE_RECURSION = YES;
				CLANG_WARN_INT_CONVERSION = YES;
				CLANG_WARN_NON_LITERAL_NULL_CONVERSION = YES;
				CLANG_WARN_OBJC_IMPLICIT_RETAIN_SELF = YES;
				CLANG_WARN_OBJC_LITERAL_CONVERSION = YES;
				CLANG_WARN_OBJC_ROOT_CLASS = YES_ERROR;
				CLANG_WARN_QUOTED_INCLUDE_IN_FRAMEWORK_HEADER = YES;
				CLANG_WARN_RANGE_LOOP_ANALYSIS = YES;
				CLANG_WARN_STRICT_PROTOTYPES = YES;
				CLANG_WARN_SUSPICIOUS_MOVE = YES;
				CLANG_WARN_UNGUARDED_AVAILABILITY = YES_AGGRESSIVE;
				CLANG_WARN_UNREACHABLE_CODE = YES;
				CLANG_WARN__DUPLICATE_METHOD_MATCH = YES;
				COPY_PHASE_STRIP = NO;
				DEBUG_INFORMATION_FORMAT = "dwarf-with-dsym";
				ENABLE_NS_ASSERTIONS = NO;
				ENABLE_STRICT_OBJC_MSGSEND = YES;
				ENABLE_USER_SCRIPT_SANDBOXING = YES;
				GCC_C_LANGUAGE_STANDARD = gnu11;
				GCC_NO_COMMON_BLOCKS = YES;
				GCC_WARN_64_TO_32_BIT_CONVERSION = YES;
				GCC_WARN_ABOUT_RETURN_TYPE = YES_ERROR;
				GCC_WARN_UNDECLARED_SELECTOR = YES;
				GCC_WARN_UNINITIALIZED_AUTOS = YES_AGGRESSIVE;
				GCC_WARN_UNUSED_FUNCTION = YES;
				GCC_WARN_UNUSED_VARIABLE = YES;
				IPHONEOS_DEPLOYMENT_TARGET = 16.4;
				MTL_ENABLE_DEBUG_INFO = NO;
				MTL_FAST_MATH = YES;
				SDKROOT = iphoneos;
				SWIFT_COMPILATION_MODE = wholemodule;
				SWIFT_OPTIMIZATION_LEVEL = "-O";
				VALIDATE_PRODUCT = YES;
			};
			name = Release;
		};
		CAC4DD662B1CA3D00051A325 /* Debug */ = {
			isa = XCBuildConfiguration;
			buildSettings = {
				ASSETCATALOG_COMPILER_APPICON_NAME = AppIcon;
				ASSETCATALOG_COMPILER_GLOBAL_ACCENT_COLOR_NAME = AccentColor;
				CODE_SIGN_STYLE = Automatic;
				CURRENT_PROJECT_VERSION = 1;
				DEVELOPMENT_TEAM = NWG2G9JHN2;
				GENERATE_INFOPLIST_FILE = YES;
				INFOPLIST_FILE = BookstoreApp/Info.plist;
				INFOPLIST_KEY_UIApplicationSupportsIndirectInputEvents = YES;
				INFOPLIST_KEY_UILaunchStoryboardName = LaunchScreen;
				INFOPLIST_KEY_UISupportedInterfaceOrientations = UIInterfaceOrientationPortrait;
				INFOPLIST_KEY_UISupportedInterfaceOrientations_iPad = "UIInterfaceOrientationLandscapeLeft UIInterfaceOrientationLandscapeRight UIInterfaceOrientationPortrait UIInterfaceOrientationPortraitUpsideDown";
				IPHONEOS_DEPLOYMENT_TARGET = 16.4;
				LD_RUNPATH_SEARCH_PATHS = (
					"$(inherited)",
					"@executable_path/Frameworks",
				);
				MARKETING_VERSION = 1.0;
				PRODUCT_BUNDLE_IDENTIFIER = ExPoSeS.BookstoreApp;
				PRODUCT_NAME = "$(TARGET_NAME)";
				SWIFT_EMIT_LOC_STRINGS = YES;
				SWIFT_VERSION = 5.0;
				TARGETED_DEVICE_FAMILY = "1,2";
			};
			name = Debug;
		};
		CAC4DD672B1CA3D00051A325 /* Release */ = {
			isa = XCBuildConfiguration;
			buildSettings = {
				ASSETCATALOG_COMPILER_APPICON_NAME = AppIcon;
				ASSETCATALOG_COMPILER_GLOBAL_ACCENT_COLOR_NAME = AccentColor;
				CODE_SIGN_STYLE = Automatic;
				CURRENT_PROJECT_VERSION = 1;
				DEVELOPMENT_TEAM = NWG2G9JHN2;
				GENERATE_INFOPLIST_FILE = YES;
				INFOPLIST_FILE = BookstoreApp/Info.plist;
				INFOPLIST_KEY_UIApplicationSupportsIndirectInputEvents = YES;
				INFOPLIST_KEY_UILaunchStoryboardName = LaunchScreen;
				INFOPLIST_KEY_UISupportedInterfaceOrientations = UIInterfaceOrientationPortrait;
				INFOPLIST_KEY_UISupportedInterfaceOrientations_iPad = "UIInterfaceOrientationLandscapeLeft UIInterfaceOrientationLandscapeRight UIInterfaceOrientationPortrait UIInterfaceOrientationPortraitUpsideDown";
				IPHONEOS_DEPLOYMENT_TARGET = 16.4;
				LD_RUNPATH_SEARCH_PATHS = (
					"$(inherited)",
					"@executable_path/Frameworks",
				);
				MARKETING_VERSION = 1.0;
				PRODUCT_BUNDLE_IDENTIFIER = ExPoSeS.BookstoreApp;
				PRODUCT_NAME = "$(TARGET_NAME)";
				SWIFT_EMIT_LOC_STRINGS = YES;
				SWIFT_VERSION = 5.0;
				TARGETED_DEVICE_FAMILY = "1,2";
			};
			name = Release;
		};
/* End XCBuildConfiguration section */

/* Begin XCConfigurationList section */
		CAC4DD4C2B1CA3CE0051A325 /* Build configuration list for PBXProject "BookstoreApp" */ = {
			isa = XCConfigurationList;
			buildConfigurations = (
				CAC4DD632B1CA3D00051A325 /* Debug */,
				CAC4DD642B1CA3D00051A325 /* Release */,
			);
			defaultConfigurationIsVisible = 0;
			defaultConfigurationName = Release;
		};
		CAC4DD652B1CA3D00051A325 /* Build configuration list for PBXNativeTarget "BookstoreApp" */ = {
			isa = XCConfigurationList;
			buildConfigurations = (
				CAC4DD662B1CA3D00051A325 /* Debug */,
				CAC4DD672B1CA3D00051A325 /* Release */,
			);
			defaultConfigurationIsVisible = 0;
			defaultConfigurationName = Release;
		};
/* End XCConfigurationList section */
	};
	rootObject = CAC4DD492B1CA3CE0051A325 /* Project object */;
}
